
Microsoft Visual Studio Solution File, Format Version 12.00
# Visual Studio Version 16
VisualStudioVersion = 16.0.30907.101
MinimumVisualStudioVersion = 10.0.40219.1
Project("{FAE04EC0-301F-11D3-BF4B-00C04F79EFBC}") = "Les 2 Loops", "Les 2 Loops\Les 2 Loops.csproj", "{F5E77518-A7F5-4F83-ACE1-D32A2DF54C23}"
EndProject
Global
	GlobalSection(SolutionConfigurationPlatforms) = preSolution
		Debug|Any CPU = Debug|Any CPU
		Release|Any CPU = Release|Any CPU
	EndGlobalSection
	GlobalSection(ProjectConfigurationPlatforms) = postSolution
		{F5E77518-A7F5-4F83-ACE1-D32A2DF54C23}.Debug|Any CPU.ActiveCfg = Debug|Any CPU
		{F5E77518-A7F5-4F83-ACE1-D32A2DF54C23}.Debug|Any CPU.Build.0 = Debug|Any CPU
		{F5E77518-A7F5-4F83-ACE1-D32A2DF54C23}.Release|Any CPU.ActiveCfg = Release|Any CPU
		{F5E77518-A7F5-4F83-ACE1-D32A2DF54C23}.Release|Any CPU.Build.0 = Release|Any CPU
	EndGlobalSection
	GlobalSection(SolutionProperties) = preSolution
		HideSolutionNode = FALSE
	EndGlobalSection
	GlobalSection(ExtensibilityGlobals) = postSolution
		SolutionGuid = {59F684C8-C3DB-40D2-BA54-A09CA0421C4D}
	EndGlobalSection
EndGlobal
